
Microsoft Visual Studio Solution File, Format Version 12.00
# Visual Studio Version 17
VisualStudioVersion = 17.8.34309.116
MinimumVisualStudioVersion = 10.0.40219.1
Project("{FAE04EC0-301F-11D3-BF4B-00C04F79EFBC}") = "UTBDesktopApp", "UTBDesktopApp.csproj", "{9E06CF1E-A270-4DEF-8955-08D6F237F88B}"
EndProject
Global
	GlobalSection(SolutionConfigurationPlatforms) = preSolution
		Debug|Any CPU = Debug|Any CPU
		Release|Any CPU = Release|Any CPU
	EndGlobalSection
	GlobalSection(ProjectConfigurationPlatforms) = postSolution
		{9E06CF1E-A270-4DEF-8955-08D6F237F88B}.Debug|Any CPU.ActiveCfg = Debug|Any CPU
		{9E06CF1E-A270-4DEF-8955-08D6F237F88B}.Debug|Any CPU.Build.0 = Debug|Any CPU
		{9E06CF1E-A270-4DEF-8955-08D6F237F88B}.Release|Any CPU.ActiveCfg = Release|Any CPU
		{9E06CF1E-A270-4DEF-8955-08D6F237F88B}.Release|Any CPU.Build.0 = Release|Any CPU
	EndGlobalSection
	GlobalSection(SolutionProperties) = preSolution
		HideSolutionNode = FALSE
	EndGlobalSection
	GlobalSection(ExtensibilityGlobals) = postSolution
		SolutionGuid = {43331A39-1057-40FA-BBD9-35F4AED9EAD6}
	EndGlobalSection
EndGlobal
